{
    "_meta": {
        "hash": {
            "sha256": "0f360c917cee2488a7e28b5181ec143ed1606d643f641224342c363852de6f8d"
        },
        "pipfile-spec": 6,
        "requires": {
            "python_version": "3.7"
        },
        "sources": [
            {
                "name": "pypi",
                "url": "https://pypi.org/simple",
                "verify_ssl": true
            }
        ]
    },
    "default": {
        "python-levenshtein": {
            "hashes": [
                "sha256:033a11de5e3d19ea25c9302d11224e1a1898fe5abd23c61c7c360c25195e3eb1",
                "sha256:957201767b3a75ee1e262ec02281ee25058c6c3aa1e3e87e1aa55c2894969a0d"
            ],
            "index": "pypi",
            "version": "==0.12.0"
        }
    },
    "develop": {}
}
